
Microsoft Visual Studio Solution File, Format Version 12.00
# Visual Studio 15
VisualStudioVersion = 15.0.28307.106
MinimumVisualStudioVersion = 10.0.40219.1
Project("{FAE04EC0-301F-11D3-BF4B-00C04F79EFBC}") = "01.ExcellentResult", "01.ExcellentResult\01.ExcellentResult.csproj", "{2352696B-E4B5-4F97-97C2-9E28B5D34C3E}"
EndProject
Project("{FAE04EC0-301F-11D3-BF4B-00C04F79EFBC}") = "02.ExcellentorNot", "02.ExcellentorNot\02.ExcellentorNot.csproj", "{0CB91A78-33A5-483C-AB04-9E50DB7AA14E}"
EndProject
Project("{FAE04EC0-301F-11D3-BF4B-00C04F79EFBC}") = "03.EvenorOdd", "03.EvenorOdd\03.EvenorOdd.csproj", "{6D9EACD8-EFC7-42F3-9A74-5AFFE04442FF}"
EndProject
Project("{FAE04EC0-301F-11D3-BF4B-00C04F79EFBC}") = "04.GreaterNumber", "04.GreaterNumber\04.GreaterNumber.csproj", "{2FBE8958-7092-4D1E-98F3-9B6E9F79A593}"
EndProject
Project("{FAE04EC0-301F-11D3-BF4B-00C04F79EFBC}") = "05.Number0to9toText", "05.Number0to9toText\05.Number0to9toText.csproj", "{DC51693E-1FD1-43F0-849B-F08F379F5C95}"
EndProject
Project("{FAE04EC0-301F-11D3-BF4B-00C04F79EFBC}") = "06.BonusScore", "06.BonusScore\06.BonusScore.csproj", "{83DCD4B0-6CBD-4FD9-925B-110CB333CCFF}"
EndProject
Project("{FAE04EC0-301F-11D3-BF4B-00C04F79EFBC}") = "07.SumSeconds", "07.SumSeconds\07.SumSeconds.csproj", "{43DC26BA-07C7-4385-8FD5-4065A1AB6785}"
EndProject
Project("{FAE04EC0-301F-11D3-BF4B-00C04F79EFBC}") = "08.MetricConverter", "08.MetricConverter\08.MetricConverter.csproj", "{6C6424A9-0C62-400D-A9D9-489E94A60F53}"
EndProject
Project("{FAE04EC0-301F-11D3-BF4B-00C04F79EFBC}") = "09.PasswordGuess", "09.PasswordGuess\09.PasswordGuess.csproj", "{27593A77-DFF0-4D62-9526-3AF8DBC1C9C5}"
EndProject
Project("{FAE04EC0-301F-11D3-BF4B-00C04F79EFBC}") = "10.Number100to200", "10.Number100to200\10.Number100to200.csproj", "{82D84F1C-BA6F-4CE0-BFC9-E6737D25F8B8}"
EndProject
Project("{FAE04EC0-301F-11D3-BF4B-00C04F79EFBC}") = "11.EqualWords", "11.EqualWords\11.EqualWords.csproj", "{B69912D4-00E4-4952-9B7A-FE87B977176A}"
EndProject
Project("{FAE04EC0-301F-11D3-BF4B-00C04F79EFBC}") = "12.SpeedInfo", "12.SpeedInfo\12.SpeedInfo.csproj", "{2BCD5B30-2710-4CA2-BDDD-DC80C5C2916F}"
EndProject
Project("{FAE04EC0-301F-11D3-BF4B-00C04F79EFBC}") = "13.AreaofFigures", "13.AreaofFigures\13.AreaofFigures.csproj", "{DFD20A45-011B-4237-9FF1-DB648EB1F83C}"
EndProject
Project("{FAE04EC0-301F-11D3-BF4B-00C04F79EFBC}") = "14.Time+15Minutes", "14.Time+15Minutes\14.Time+15Minutes.csproj", "{3B24334F-F789-47A3-8CB9-A0B794129895}"
EndProject
Project("{FAE04EC0-301F-11D3-BF4B-00C04F79EFBC}") = "15.3EqualNumbers", "15.3EqualNumbers\15.3EqualNumbers.csproj", "{84F373CA-47DB-410E-9BA3-4A5A5CA8D1BF}"
EndProject
Project("{FAE04EC0-301F-11D3-BF4B-00C04F79EFBC}") = "16.Number0to100toText", "16.Number0to100toText\16.Number0to100toText.csproj", "{4283EEB4-0662-4FAE-B946-592311DFF2D3}"
EndProject
Global
	GlobalSection(SolutionConfigurationPlatforms) = preSolution
		Debug|Any CPU = Debug|Any CPU
		Release|Any CPU = Release|Any CPU
	EndGlobalSection
	GlobalSection(ProjectConfigurationPlatforms) = postSolution
		{2352696B-E4B5-4F97-97C2-9E28B5D34C3E}.Debug|Any CPU.ActiveCfg = Debug|Any CPU
		{2352696B-E4B5-4F97-97C2-9E28B5D34C3E}.Debug|Any CPU.Build.0 = Debug|Any CPU
		{2352696B-E4B5-4F97-97C2-9E28B5D34C3E}.Release|Any CPU.ActiveCfg = Release|Any CPU
		{2352696B-E4B5-4F97-97C2-9E28B5D34C3E}.Release|Any CPU.Build.0 = Release|Any CPU
		{0CB91A78-33A5-483C-AB04-9E50DB7AA14E}.Debug|Any CPU.ActiveCfg = Debug|Any CPU
		{0CB91A78-33A5-483C-AB04-9E50DB7AA14E}.Debug|Any CPU.Build.0 = Debug|Any CPU
		{0CB91A78-33A5-483C-AB04-9E50DB7AA14E}.Release|Any CPU.ActiveCfg = Release|Any CPU
		{0CB91A78-33A5-483C-AB04-9E50DB7AA14E}.Release|Any CPU.Build.0 = Release|Any CPU
		{6D9EACD8-EFC7-42F3-9A74-5AFFE04442FF}.Debug|Any CPU.ActiveCfg = Debug|Any CPU
		{6D9EACD8-EFC7-42F3-9A74-5AFFE04442FF}.Debug|Any CPU.Build.0 = Debug|Any CPU
		{6D9EACD8-EFC7-42F3-9A74-5AFFE04442FF}.Release|Any CPU.ActiveCfg = Release|Any CPU
		{6D9EACD8-EFC7-42F3-9A74-5AFFE04442FF}.Release|Any CPU.Build.0 = Release|Any CPU
		{2FBE8958-7092-4D1E-98F3-9B6E9F79A593}.Debug|Any CPU.ActiveCfg = Debug|Any CPU
		{2FBE8958-7092-4D1E-98F3-9B6E9F79A593}.Debug|Any CPU.Build.0 = Debug|Any CPU
		{2FBE8958-7092-4D1E-98F3-9B6E9F79A593}.Release|Any CPU.ActiveCfg = Release|Any CPU
		{2FBE8958-7092-4D1E-98F3-9B6E9F79A593}.Release|Any CPU.Build.0 = Release|Any CPU
		{DC51693E-1FD1-43F0-849B-F08F379F5C95}.Debug|Any CPU.ActiveCfg = Debug|Any CPU
		{DC51693E-1FD1-43F0-849B-F08F379F5C95}.Debug|Any CPU.Build.0 = Debug|Any CPU
		{DC51693E-1FD1-43F0-849B-F08F379F5C95}.Release|Any CPU.ActiveCfg = Release|Any CPU
		{DC51693E-1FD1-43F0-849B-F08F379F5C95}.Release|Any CPU.Build.0 = Release|Any CPU
		{83DCD4B0-6CBD-4FD9-925B-110CB333CCFF}.Debug|Any CPU.ActiveCfg = Debug|Any CPU
		{83DCD4B0-6CBD-4FD9-925B-110CB333CCFF}.Debug|Any CPU.Build.0 = Debug|Any CPU
		{83DCD4B0-6CBD-4FD9-925B-110CB333CCFF}.Release|Any CPU.ActiveCfg = Release|Any CPU
		{83DCD4B0-6CBD-4FD9-925B-110CB333CCFF}.Release|Any CPU.Build.0 = Release|Any CPU
		{43DC26BA-07C7-4385-8FD5-4065A1AB6785}.Debug|Any CPU.ActiveCfg = Debug|Any CPU
		{43DC26BA-07C7-4385-8FD5-4065A1AB6785}.Debug|Any CPU.Build.0 = Debug|Any CPU
		{43DC26BA-07C7-4385-8FD5-4065A1AB6785}.Release|Any CPU.ActiveCfg = Release|Any CPU
		{43DC26BA-07C7-4385-8FD5-4065A1AB6785}.Release|Any CPU.Build.0 = Release|Any CPU
		{6C6424A9-0C62-400D-A9D9-489E94A60F53}.Debug|Any CPU.ActiveCfg = Debug|Any CPU
		{6C6424A9-0C62-400D-A9D9-489E94A60F53}.Debug|Any CPU.Build.0 = Debug|Any CPU
		{6C6424A9-0C62-400D-A9D9-489E94A60F53}.Release|Any CPU.ActiveCfg = Release|Any CPU
		{6C6424A9-0C62-400D-A9D9-489E94A60F53}.Release|Any CPU.Build.0 = Release|Any CPU
		{27593A77-DFF0-4D62-9526-3AF8DBC1C9C5}.Debug|Any CPU.ActiveCfg = Debug|Any CPU
		{27593A77-DFF0-4D62-9526-3AF8DBC1C9C5}.Debug|Any CPU.Build.0 = Debug|Any CPU
		{27593A77-DFF0-4D62-9526-3AF8DBC1C9C5}.Release|Any CPU.ActiveCfg = Release|Any CPU
		{27593A77-DFF0-4D62-9526-3AF8DBC1C9C5}.Release|Any CPU.Build.0 = Release|Any CPU
		{82D84F1C-BA6F-4CE0-BFC9-E6737D25F8B8}.Debug|Any CPU.ActiveCfg = Debug|Any CPU
		{82D84F1C-BA6F-4CE0-BFC9-E6737D25F8B8}.Debug|Any CPU.Build.0 = Debug|Any CPU
		{82D84F1C-BA6F-4CE0-BFC9-E6737D25F8B8}.Release|Any CPU.ActiveCfg = Release|Any CPU
		{82D84F1C-BA6F-4CE0-BFC9-E6737D25F8B8}.Release|Any CPU.Build.0 = Release|Any CPU
		{B69912D4-00E4-4952-9B7A-FE87B977176A}.Debug|Any CPU.ActiveCfg = Debug|Any CPU
		{B69912D4-00E4-4952-9B7A-FE87B977176A}.Debug|Any CPU.Build.0 = Debug|Any CPU
		{B69912D4-00E4-4952-9B7A-FE87B977176A}.Release|Any CPU.ActiveCfg = Release|Any CPU
		{B69912D4-00E4-4952-9B7A-FE87B977176A}.Release|Any CPU.Build.0 = Release|Any CPU
		{2BCD5B30-2710-4CA2-BDDD-DC80C5C2916F}.Debug|Any CPU.ActiveCfg = Debug|Any CPU
		{2BCD5B30-2710-4CA2-BDDD-DC80C5C2916F}.Debug|Any CPU.Build.0 = Debug|Any CPU
		{2BCD5B30-2710-4CA2-BDDD-DC80C5C2916F}.Release|Any CPU.ActiveCfg = Release|Any CPU
		{2BCD5B30-2710-4CA2-BDDD-DC80C5C2916F}.Release|Any CPU.Build.0 = Release|Any CPU
		{DFD20A45-011B-4237-9FF1-DB648EB1F83C}.Debug|Any CPU.ActiveCfg = Debug|Any CPU
		{DFD20A45-011B-4237-9FF1-DB648EB1F83C}.Debug|Any CPU.Build.0 = Debug|Any CPU
		{DFD20A45-011B-4237-9FF1-DB648EB1F83C}.Release|Any CPU.ActiveCfg = Release|Any CPU
		{DFD20A45-011B-4237-9FF1-DB648EB1F83C}.Release|Any CPU.Build.0 = Release|Any CPU
		{3B24334F-F789-47A3-8CB9-A0B794129895}.Debug|Any CPU.ActiveCfg = Debug|Any CPU
		{3B24334F-F789-47A3-8CB9-A0B794129895}.Debug|Any CPU.Build.0 = Debug|Any CPU
		{3B24334F-F789-47A3-8CB9-A0B794129895}.Release|Any CPU.ActiveCfg = Release|Any CPU
		{3B24334F-F789-47A3-8CB9-A0B794129895}.Release|Any CPU.Build.0 = Release|Any CPU
		{84F373CA-47DB-410E-9BA3-4A5A5CA8D1BF}.Debug|Any CPU.ActiveCfg = Debug|Any CPU
		{84F373CA-47DB-410E-9BA3-4A5A5CA8D1BF}.Debug|Any CPU.Build.0 = Debug|Any CPU
		{84F373CA-47DB-410E-9BA3-4A5A5CA8D1BF}.Release|Any CPU.ActiveCfg = Release|Any CPU
		{84F373CA-47DB-410E-9BA3-4A5A5CA8D1BF}.Release|Any CPU.Build.0 = Release|Any CPU
		{4283EEB4-0662-4FAE-B946-592311DFF2D3}.Debug|Any CPU.ActiveCfg = Debug|Any CPU
		{4283EEB4-0662-4FAE-B946-592311DFF2D3}.Debug|Any CPU.Build.0 = Debug|Any CPU
		{4283EEB4-0662-4FAE-B946-592311DFF2D3}.Release|Any CPU.ActiveCfg = Release|Any CPU
		{4283EEB4-0662-4FAE-B946-592311DFF2D3}.Release|Any CPU.Build.0 = Release|Any CPU
	EndGlobalSection
	GlobalSection(SolutionProperties) = preSolution
		HideSolutionNode = FALSE
	EndGlobalSection
	GlobalSection(ExtensibilityGlobals) = postSolution
		SolutionGuid = {FC8438CC-C182-4C67-B361-D8DEC30A295C}
	EndGlobalSection
EndGlobal
