
Microsoft Visual Studio Solution File, Format Version 12.00
# Visual Studio 15
VisualStudioVersion = 15.0.28307.271
MinimumVisualStudioVersion = 10.0.40219.1
Project("{FAE04EC0-301F-11D3-BF4B-00C04F79EFBC}") = "ArrayReverseExample", "ArrayReverseExample\ArrayReverseExample.csproj", "{BD631162-2606-44F1-820F-0B84FB108846}"
EndProject
Project("{FAE04EC0-301F-11D3-BF4B-00C04F79EFBC}") = "Simetric Massives", "Simetric Massives\Simetric Massives.csproj", "{13FB7181-021E-48F3-8217-C75260850994}"
EndProject
Project("{FAE04EC0-301F-11D3-BF4B-00C04F79EFBC}") = "Foreach", "Foreach\Foreach.csproj", "{181E85EC-9752-4F04-8B27-8DF26476DC25}"
EndProject
Project("{FAE04EC0-301F-11D3-BF4B-00C04F79EFBC}") = "Matrix", "Matrix\Matrix.csproj", "{D8DFC6D6-EA65-4703-B96B-A58504288CAF}"
EndProject
Project("{FAE04EC0-301F-11D3-BF4B-00C04F79EFBC}") = "matrix2", "matrix2\matrix2.csproj", "{8F7EAF4D-6582-4421-AFA4-52D5053593A4}"
EndProject
Project("{FAE04EC0-301F-11D3-BF4B-00C04F79EFBC}") = "MaxPlatform2x2", "MaxPlatform2x2\MaxPlatform2x2.csproj", "{4E3CE0DE-593C-463B-8D24-4A58B4812F97}"
EndProject
Project("{FAE04EC0-301F-11D3-BF4B-00C04F79EFBC}") = "ArraySort_BubbleMethod", "ArraySort_BubbleMethod\ArraySort_BubbleMethod.csproj", "{DC4049CD-D8C0-4282-8F6D-C966FCA423BB}"
EndProject
Project("{FAE04EC0-301F-11D3-BF4B-00C04F79EFBC}") = "Add_New_RowandCol_in_Matrix", "Add_New_RowandCol_in_Matrix\Add_New_RowandCol_in_Matrix.csproj", "{E3C334C6-5F72-4156-B99B-56411D551242}"
EndProject
Project("{FAE04EC0-301F-11D3-BF4B-00C04F79EFBC}") = "Pascal Triangle", "Pascal Triangle\Pascal Triangle.csproj", "{1974F0DB-59FB-45A8-98A0-32E153D7F449}"
EndProject
Project("{FAE04EC0-301F-11D3-BF4B-00C04F79EFBC}") = "Zad 1", "Zad 1\Zad 1.csproj", "{786C1C91-8F12-46C5-A227-BC5D7C4FE191}"
EndProject
Project("{FAE04EC0-301F-11D3-BF4B-00C04F79EFBC}") = "Zad 2", "Zad 2\Zad 2.csproj", "{42BAB9BF-8367-4398-AF74-1D82ED94ABDA}"
EndProject
Project("{FAE04EC0-301F-11D3-BF4B-00C04F79EFBC}") = "Zad 3", "Zad 3\Zad 3.csproj", "{56F0E043-5142-432F-AE04-F0A99497E073}"
EndProject
Project("{FAE04EC0-301F-11D3-BF4B-00C04F79EFBC}") = "Zad 4", "Zad 4\Zad 4.csproj", "{05772218-4393-4790-9AAA-CAD70F1A943B}"
EndProject
Project("{FAE04EC0-301F-11D3-BF4B-00C04F79EFBC}") = "Zad 5", "Zad 5\Zad 5.csproj", "{BC58FD22-6C4F-41AE-8CAF-4D417527B2AA}"
EndProject
Project("{FAE04EC0-301F-11D3-BF4B-00C04F79EFBC}") = "Zad 6 Longest right", "Zad 6\Zad 6 Longest right.csproj", "{C58E9AD0-3233-47E4-86E6-599421BE7646}"
EndProject
Project("{9A19103F-16F7-4668-BE54-9A1E7A4F7556}") = "Zad 7", "Zad6\Zad 7.csproj", "{5AB0241F-50A9-4BC1-B858-F0D9CA3CAC86}"
EndProject
Project("{9A19103F-16F7-4668-BE54-9A1E7A4F7556}") = "Zad 8 Bubbles Method", "Zad8\Zad 8 Bubbles Method.csproj", "{3422AD02-6107-469E-BEFC-5E119D060634}"
EndProject
Project("{9A19103F-16F7-4668-BE54-9A1E7A4F7556}") = "Zad 8_2 Selection Sort", "Zad8_2\Zad 8_2 Selection Sort.csproj", "{BBA98061-5EB4-4BF8-B4BD-8A2597CBB85E}"
EndProject
Project("{9A19103F-16F7-4668-BE54-9A1E7A4F7556}") = "Zad 9", "Zad9\Zad 9.csproj", "{7870BFFC-0AA9-4E5B-B6A4-7E205CD90D99}"
EndProject
Project("{9A19103F-16F7-4668-BE54-9A1E7A4F7556}") = "Zad10", "Zad10\Zad10.csproj", "{4611E839-A48C-4F82-88EE-3AEC65407598}"
EndProject
Project("{9A19103F-16F7-4668-BE54-9A1E7A4F7556}") = "Zad11", "Zad11\Zad11.csproj", "{2556658D-1896-4590-850D-8A81FD5F550F}"
EndProject
Project("{9A19103F-16F7-4668-BE54-9A1E7A4F7556}") = "Zad 6 Longest left LIS method", "Zad 6 Longest left\Zad 6 Longest left LIS method.csproj", "{CA8B47F8-D3CE-4F6A-8671-E7D8F0A761EF}"
EndProject
Project("{9A19103F-16F7-4668-BE54-9A1E7A4F7556}") = "Zad12_a", "Zad12\Zad12_a.csproj", "{8697167A-95AD-4F6B-A82A-E2049923E034}"
EndProject
Project("{9A19103F-16F7-4668-BE54-9A1E7A4F7556}") = "Zad12b", "Zad12b\Zad12b.csproj", "{A13C4528-31A4-438A-9F7A-7F4EF734F4EE}"
EndProject
Project("{9A19103F-16F7-4668-BE54-9A1E7A4F7556}") = "ZA testovi primeri", "ZA testovi primeri\ZA testovi primeri.csproj", "{A551D10C-48F8-4DE7-A5E3-A9DB77F6F922}"
EndProject
Project("{9A19103F-16F7-4668-BE54-9A1E7A4F7556}") = "Zad12b_2", "Zad12b_2\Zad12b_2.csproj", "{BC32B311-EC07-4CAD-951C-ABEB27B8DEE9}"
EndProject
Project("{9A19103F-16F7-4668-BE54-9A1E7A4F7556}") = "Zad12c", "Zad12c\Zad12c.csproj", "{C3535A84-0590-4521-8369-A25E22457B81}"
EndProject
Project("{9A19103F-16F7-4668-BE54-9A1E7A4F7556}") = "Zad12d", "Zad12d\Zad12d.csproj", "{A05E728A-6796-44C8-8075-D992844132E3}"
EndProject
Project("{9A19103F-16F7-4668-BE54-9A1E7A4F7556}") = "Zad13", "Zad13\Zad13.csproj", "{AB1BC2C1-E0CE-4501-ACCB-ADBB10080ABF}"
EndProject
Project("{9A19103F-16F7-4668-BE54-9A1E7A4F7556}") = "Zad14", "Zad14\Zad14.csproj", "{D504DE8F-8406-4962-A800-D407833D3DE3}"
EndProject
Project("{9A19103F-16F7-4668-BE54-9A1E7A4F7556}") = "zad15", "zad15\zad15.csproj", "{88E43A51-80DE-4CD4-9D18-51ABFB48E380}"
EndProject
Project("{9A19103F-16F7-4668-BE54-9A1E7A4F7556}") = "Zad16 Binary search", "Zad16\Zad16 Binary search.csproj", "{EBD18949-308C-463F-90E9-869927DC316B}"
EndProject
Project("{9A19103F-16F7-4668-BE54-9A1E7A4F7556}") = "Zad17 Merge Sort", "Zad17 Merge Sort\Zad17 Merge Sort.csproj", "{9D659130-CF86-4196-8587-30E211D89F53}"
EndProject
Project("{9A19103F-16F7-4668-BE54-9A1E7A4F7556}") = "Zad18 quick sort", "Zad18 quick sort\Zad18 quick sort.csproj", "{EEC2539D-1E4F-4391-8BB2-F412B17B480D}"
EndProject
Project("{9A19103F-16F7-4668-BE54-9A1E7A4F7556}") = "Zad19 Sieve of Erathostenes", "Zad 19\Zad19 Sieve of Erathostenes.csproj", "{7D121203-40E0-4EE0-84BB-F2A5B4D129BB}"
EndProject
Project("{9A19103F-16F7-4668-BE54-9A1E7A4F7556}") = "Zad20", "Zad20\Zad20.csproj", "{034D7FA3-38B1-4AD4-B6E8-CF3C532FE446}"
EndProject
Project("{9A19103F-16F7-4668-BE54-9A1E7A4F7556}") = "Zad20_2", "Zad20_2\Zad20_2.csproj", "{54202D59-2D08-4E06-A804-F1C7D559ABEC}"
EndProject
Project("{9A19103F-16F7-4668-BE54-9A1E7A4F7556}") = "Zad21", "Zad21\Zad21.csproj", "{A434F9B7-F2CF-4F02-A75A-1725FCCC8B47}"
EndProject
Project("{9A19103F-16F7-4668-BE54-9A1E7A4F7556}") = "Zad22", "Zad22\Zad22.csproj", "{E3A41FA8-2E65-4F34-B5A6-9FB59BE18288}"
EndProject
Project("{9A19103F-16F7-4668-BE54-9A1E7A4F7556}") = "Zad23", "Zad23\Zad23.csproj", "{D47486DC-AD7D-4784-942B-BA70841501FA}"
EndProject
Project("{9A19103F-16F7-4668-BE54-9A1E7A4F7556}") = "Zad24", "Zad24\Zad24.csproj", "{6D69D0AF-2F49-491B-B8F1-BE6F15704731}"
EndProject
Project("{9A19103F-16F7-4668-BE54-9A1E7A4F7556}") = "Zad25", "Zad25\Zad25.csproj", "{ED17A6AB-35B0-4105-A039-8A01D213C4A2}"
EndProject
Project("{9A19103F-16F7-4668-BE54-9A1E7A4F7556}") = "Zad26", "Zad26\Zad26.csproj", "{CF49C8F9-C41E-4304-A001-50CE08AE9C1F}"
EndProject
Project("{9A19103F-16F7-4668-BE54-9A1E7A4F7556}") = "Zad22_2", "Zad22_2\Zad22_2.csproj", "{380D85BA-CAE8-49DA-8D77-5A4B8B5BC1D9}"
EndProject
Project("{FAE04EC0-301F-11D3-BF4B-00C04F79EFBC}") = "Za testovi primeri 2", "Za testovi primeri 2\Za testovi primeri 2.csproj", "{2937DD84-5735-4090-B198-4204C0380B18}"
EndProject
Global
	GlobalSection(SolutionConfigurationPlatforms) = preSolution
		Debug|Any CPU = Debug|Any CPU
		Release|Any CPU = Release|Any CPU
	EndGlobalSection
	GlobalSection(ProjectConfigurationPlatforms) = postSolution
		{BD631162-2606-44F1-820F-0B84FB108846}.Debug|Any CPU.ActiveCfg = Debug|Any CPU
		{BD631162-2606-44F1-820F-0B84FB108846}.Debug|Any CPU.Build.0 = Debug|Any CPU
		{BD631162-2606-44F1-820F-0B84FB108846}.Release|Any CPU.ActiveCfg = Release|Any CPU
		{BD631162-2606-44F1-820F-0B84FB108846}.Release|Any CPU.Build.0 = Release|Any CPU
		{13FB7181-021E-48F3-8217-C75260850994}.Debug|Any CPU.ActiveCfg = Debug|Any CPU
		{13FB7181-021E-48F3-8217-C75260850994}.Debug|Any CPU.Build.0 = Debug|Any CPU
		{13FB7181-021E-48F3-8217-C75260850994}.Release|Any CPU.ActiveCfg = Release|Any CPU
		{13FB7181-021E-48F3-8217-C75260850994}.Release|Any CPU.Build.0 = Release|Any CPU
		{181E85EC-9752-4F04-8B27-8DF26476DC25}.Debug|Any CPU.ActiveCfg = Debug|Any CPU
		{181E85EC-9752-4F04-8B27-8DF26476DC25}.Debug|Any CPU.Build.0 = Debug|Any CPU
		{181E85EC-9752-4F04-8B27-8DF26476DC25}.Release|Any CPU.ActiveCfg = Release|Any CPU
		{181E85EC-9752-4F04-8B27-8DF26476DC25}.Release|Any CPU.Build.0 = Release|Any CPU
		{D8DFC6D6-EA65-4703-B96B-A58504288CAF}.Debug|Any CPU.ActiveCfg = Debug|Any CPU
		{D8DFC6D6-EA65-4703-B96B-A58504288CAF}.Debug|Any CPU.Build.0 = Debug|Any CPU
		{D8DFC6D6-EA65-4703-B96B-A58504288CAF}.Release|Any CPU.ActiveCfg = Release|Any CPU
		{D8DFC6D6-EA65-4703-B96B-A58504288CAF}.Release|Any CPU.Build.0 = Release|Any CPU
		{8F7EAF4D-6582-4421-AFA4-52D5053593A4}.Debug|Any CPU.ActiveCfg = Debug|Any CPU
		{8F7EAF4D-6582-4421-AFA4-52D5053593A4}.Debug|Any CPU.Build.0 = Debug|Any CPU
		{8F7EAF4D-6582-4421-AFA4-52D5053593A4}.Release|Any CPU.ActiveCfg = Release|Any CPU
		{8F7EAF4D-6582-4421-AFA4-52D5053593A4}.Release|Any CPU.Build.0 = Release|Any CPU
		{4E3CE0DE-593C-463B-8D24-4A58B4812F97}.Debug|Any CPU.ActiveCfg = Debug|Any CPU
		{4E3CE0DE-593C-463B-8D24-4A58B4812F97}.Debug|Any CPU.Build.0 = Debug|Any CPU
		{4E3CE0DE-593C-463B-8D24-4A58B4812F97}.Release|Any CPU.ActiveCfg = Release|Any CPU
		{4E3CE0DE-593C-463B-8D24-4A58B4812F97}.Release|Any CPU.Build.0 = Release|Any CPU
		{DC4049CD-D8C0-4282-8F6D-C966FCA423BB}.Debug|Any CPU.ActiveCfg = Debug|Any CPU
		{DC4049CD-D8C0-4282-8F6D-C966FCA423BB}.Debug|Any CPU.Build.0 = Debug|Any CPU
		{DC4049CD-D8C0-4282-8F6D-C966FCA423BB}.Release|Any CPU.ActiveCfg = Release|Any CPU
		{DC4049CD-D8C0-4282-8F6D-C966FCA423BB}.Release|Any CPU.Build.0 = Release|Any CPU
		{E3C334C6-5F72-4156-B99B-56411D551242}.Debug|Any CPU.ActiveCfg = Debug|Any CPU
		{E3C334C6-5F72-4156-B99B-56411D551242}.Debug|Any CPU.Build.0 = Debug|Any CPU
		{E3C334C6-5F72-4156-B99B-56411D551242}.Release|Any CPU.ActiveCfg = Release|Any CPU
		{E3C334C6-5F72-4156-B99B-56411D551242}.Release|Any CPU.Build.0 = Release|Any CPU
		{1974F0DB-59FB-45A8-98A0-32E153D7F449}.Debug|Any CPU.ActiveCfg = Debug|Any CPU
		{1974F0DB-59FB-45A8-98A0-32E153D7F449}.Debug|Any CPU.Build.0 = Debug|Any CPU
		{1974F0DB-59FB-45A8-98A0-32E153D7F449}.Release|Any CPU.ActiveCfg = Release|Any CPU
		{1974F0DB-59FB-45A8-98A0-32E153D7F449}.Release|Any CPU.Build.0 = Release|Any CPU
		{786C1C91-8F12-46C5-A227-BC5D7C4FE191}.Debug|Any CPU.ActiveCfg = Debug|Any CPU
		{786C1C91-8F12-46C5-A227-BC5D7C4FE191}.Debug|Any CPU.Build.0 = Debug|Any CPU
		{786C1C91-8F12-46C5-A227-BC5D7C4FE191}.Release|Any CPU.ActiveCfg = Release|Any CPU
		{786C1C91-8F12-46C5-A227-BC5D7C4FE191}.Release|Any CPU.Build.0 = Release|Any CPU
		{42BAB9BF-8367-4398-AF74-1D82ED94ABDA}.Debug|Any CPU.ActiveCfg = Debug|Any CPU
		{42BAB9BF-8367-4398-AF74-1D82ED94ABDA}.Debug|Any CPU.Build.0 = Debug|Any CPU
		{42BAB9BF-8367-4398-AF74-1D82ED94ABDA}.Release|Any CPU.ActiveCfg = Release|Any CPU
		{42BAB9BF-8367-4398-AF74-1D82ED94ABDA}.Release|Any CPU.Build.0 = Release|Any CPU
		{56F0E043-5142-432F-AE04-F0A99497E073}.Debug|Any CPU.ActiveCfg = Debug|Any CPU
		{56F0E043-5142-432F-AE04-F0A99497E073}.Debug|Any CPU.Build.0 = Debug|Any CPU
		{56F0E043-5142-432F-AE04-F0A99497E073}.Release|Any CPU.ActiveCfg = Release|Any CPU
		{56F0E043-5142-432F-AE04-F0A99497E073}.Release|Any CPU.Build.0 = Release|Any CPU
		{05772218-4393-4790-9AAA-CAD70F1A943B}.Debug|Any CPU.ActiveCfg = Debug|Any CPU
		{05772218-4393-4790-9AAA-CAD70F1A943B}.Debug|Any CPU.Build.0 = Debug|Any CPU
		{05772218-4393-4790-9AAA-CAD70F1A943B}.Release|Any CPU.ActiveCfg = Release|Any CPU
		{05772218-4393-4790-9AAA-CAD70F1A943B}.Release|Any CPU.Build.0 = Release|Any CPU
		{BC58FD22-6C4F-41AE-8CAF-4D417527B2AA}.Debug|Any CPU.ActiveCfg = Debug|Any CPU
		{BC58FD22-6C4F-41AE-8CAF-4D417527B2AA}.Debug|Any CPU.Build.0 = Debug|Any CPU
		{BC58FD22-6C4F-41AE-8CAF-4D417527B2AA}.Release|Any CPU.ActiveCfg = Release|Any CPU
		{BC58FD22-6C4F-41AE-8CAF-4D417527B2AA}.Release|Any CPU.Build.0 = Release|Any CPU
		{C58E9AD0-3233-47E4-86E6-599421BE7646}.Debug|Any CPU.ActiveCfg = Debug|Any CPU
		{C58E9AD0-3233-47E4-86E6-599421BE7646}.Debug|Any CPU.Build.0 = Debug|Any CPU
		{C58E9AD0-3233-47E4-86E6-599421BE7646}.Release|Any CPU.ActiveCfg = Release|Any CPU
		{C58E9AD0-3233-47E4-86E6-599421BE7646}.Release|Any CPU.Build.0 = Release|Any CPU
		{5AB0241F-50A9-4BC1-B858-F0D9CA3CAC86}.Debug|Any CPU.ActiveCfg = Debug|Any CPU
		{5AB0241F-50A9-4BC1-B858-F0D9CA3CAC86}.Debug|Any CPU.Build.0 = Debug|Any CPU
		{5AB0241F-50A9-4BC1-B858-F0D9CA3CAC86}.Release|Any CPU.ActiveCfg = Release|Any CPU
		{5AB0241F-50A9-4BC1-B858-F0D9CA3CAC86}.Release|Any CPU.Build.0 = Release|Any CPU
		{3422AD02-6107-469E-BEFC-5E119D060634}.Debug|Any CPU.ActiveCfg = Debug|Any CPU
		{3422AD02-6107-469E-BEFC-5E119D060634}.Debug|Any CPU.Build.0 = Debug|Any CPU
		{3422AD02-6107-469E-BEFC-5E119D060634}.Release|Any CPU.ActiveCfg = Release|Any CPU
		{3422AD02-6107-469E-BEFC-5E119D060634}.Release|Any CPU.Build.0 = Release|Any CPU
		{BBA98061-5EB4-4BF8-B4BD-8A2597CBB85E}.Debug|Any CPU.ActiveCfg = Debug|Any CPU
		{BBA98061-5EB4-4BF8-B4BD-8A2597CBB85E}.Debug|Any CPU.Build.0 = Debug|Any CPU
		{BBA98061-5EB4-4BF8-B4BD-8A2597CBB85E}.Release|Any CPU.ActiveCfg = Release|Any CPU
		{BBA98061-5EB4-4BF8-B4BD-8A2597CBB85E}.Release|Any CPU.Build.0 = Release|Any CPU
		{7870BFFC-0AA9-4E5B-B6A4-7E205CD90D99}.Debug|Any CPU.ActiveCfg = Debug|Any CPU
		{7870BFFC-0AA9-4E5B-B6A4-7E205CD90D99}.Debug|Any CPU.Build.0 = Debug|Any CPU
		{7870BFFC-0AA9-4E5B-B6A4-7E205CD90D99}.Release|Any CPU.ActiveCfg = Release|Any CPU
		{7870BFFC-0AA9-4E5B-B6A4-7E205CD90D99}.Release|Any CPU.Build.0 = Release|Any CPU
		{4611E839-A48C-4F82-88EE-3AEC65407598}.Debug|Any CPU.ActiveCfg = Debug|Any CPU
		{4611E839-A48C-4F82-88EE-3AEC65407598}.Debug|Any CPU.Build.0 = Debug|Any CPU
		{4611E839-A48C-4F82-88EE-3AEC65407598}.Release|Any CPU.ActiveCfg = Release|Any CPU
		{4611E839-A48C-4F82-88EE-3AEC65407598}.Release|Any CPU.Build.0 = Release|Any CPU
		{2556658D-1896-4590-850D-8A81FD5F550F}.Debug|Any CPU.ActiveCfg = Debug|Any CPU
		{2556658D-1896-4590-850D-8A81FD5F550F}.Debug|Any CPU.Build.0 = Debug|Any CPU
		{2556658D-1896-4590-850D-8A81FD5F550F}.Release|Any CPU.ActiveCfg = Release|Any CPU
		{2556658D-1896-4590-850D-8A81FD5F550F}.Release|Any CPU.Build.0 = Release|Any CPU
		{CA8B47F8-D3CE-4F6A-8671-E7D8F0A761EF}.Debug|Any CPU.ActiveCfg = Debug|Any CPU
		{CA8B47F8-D3CE-4F6A-8671-E7D8F0A761EF}.Debug|Any CPU.Build.0 = Debug|Any CPU
		{CA8B47F8-D3CE-4F6A-8671-E7D8F0A761EF}.Release|Any CPU.ActiveCfg = Release|Any CPU
		{CA8B47F8-D3CE-4F6A-8671-E7D8F0A761EF}.Release|Any CPU.Build.0 = Release|Any CPU
		{8697167A-95AD-4F6B-A82A-E2049923E034}.Debug|Any CPU.ActiveCfg = Debug|Any CPU
		{8697167A-95AD-4F6B-A82A-E2049923E034}.Debug|Any CPU.Build.0 = Debug|Any CPU
		{8697167A-95AD-4F6B-A82A-E2049923E034}.Release|Any CPU.ActiveCfg = Release|Any CPU
		{8697167A-95AD-4F6B-A82A-E2049923E034}.Release|Any CPU.Build.0 = Release|Any CPU
		{A13C4528-31A4-438A-9F7A-7F4EF734F4EE}.Debug|Any CPU.ActiveCfg = Debug|Any CPU
		{A13C4528-31A4-438A-9F7A-7F4EF734F4EE}.Debug|Any CPU.Build.0 = Debug|Any CPU
		{A13C4528-31A4-438A-9F7A-7F4EF734F4EE}.Release|Any CPU.ActiveCfg = Release|Any CPU
		{A13C4528-31A4-438A-9F7A-7F4EF734F4EE}.Release|Any CPU.Build.0 = Release|Any CPU
		{A551D10C-48F8-4DE7-A5E3-A9DB77F6F922}.Debug|Any CPU.ActiveCfg = Debug|Any CPU
		{A551D10C-48F8-4DE7-A5E3-A9DB77F6F922}.Debug|Any CPU.Build.0 = Debug|Any CPU
		{A551D10C-48F8-4DE7-A5E3-A9DB77F6F922}.Release|Any CPU.ActiveCfg = Release|Any CPU
		{A551D10C-48F8-4DE7-A5E3-A9DB77F6F922}.Release|Any CPU.Build.0 = Release|Any CPU
		{BC32B311-EC07-4CAD-951C-ABEB27B8DEE9}.Debug|Any CPU.ActiveCfg = Debug|Any CPU
		{BC32B311-EC07-4CAD-951C-ABEB27B8DEE9}.Debug|Any CPU.Build.0 = Debug|Any CPU
		{BC32B311-EC07-4CAD-951C-ABEB27B8DEE9}.Release|Any CPU.ActiveCfg = Release|Any CPU
		{BC32B311-EC07-4CAD-951C-ABEB27B8DEE9}.Release|Any CPU.Build.0 = Release|Any CPU
		{C3535A84-0590-4521-8369-A25E22457B81}.Debug|Any CPU.ActiveCfg = Debug|Any CPU
		{C3535A84-0590-4521-8369-A25E22457B81}.Debug|Any CPU.Build.0 = Debug|Any CPU
		{C3535A84-0590-4521-8369-A25E22457B81}.Release|Any CPU.ActiveCfg = Release|Any CPU
		{C3535A84-0590-4521-8369-A25E22457B81}.Release|Any CPU.Build.0 = Release|Any CPU
		{A05E728A-6796-44C8-8075-D992844132E3}.Debug|Any CPU.ActiveCfg = Debug|Any CPU
		{A05E728A-6796-44C8-8075-D992844132E3}.Debug|Any CPU.Build.0 = Debug|Any CPU
		{A05E728A-6796-44C8-8075-D992844132E3}.Release|Any CPU.ActiveCfg = Release|Any CPU
		{A05E728A-6796-44C8-8075-D992844132E3}.Release|Any CPU.Build.0 = Release|Any CPU
		{AB1BC2C1-E0CE-4501-ACCB-ADBB10080ABF}.Debug|Any CPU.ActiveCfg = Debug|Any CPU
		{AB1BC2C1-E0CE-4501-ACCB-ADBB10080ABF}.Debug|Any CPU.Build.0 = Debug|Any CPU
		{AB1BC2C1-E0CE-4501-ACCB-ADBB10080ABF}.Release|Any CPU.ActiveCfg = Release|Any CPU
		{AB1BC2C1-E0CE-4501-ACCB-ADBB10080ABF}.Release|Any CPU.Build.0 = Release|Any CPU
		{D504DE8F-8406-4962-A800-D407833D3DE3}.Debug|Any CPU.ActiveCfg = Debug|Any CPU
		{D504DE8F-8406-4962-A800-D407833D3DE3}.Debug|Any CPU.Build.0 = Debug|Any CPU
		{D504DE8F-8406-4962-A800-D407833D3DE3}.Release|Any CPU.ActiveCfg = Release|Any CPU
		{D504DE8F-8406-4962-A800-D407833D3DE3}.Release|Any CPU.Build.0 = Release|Any CPU
		{88E43A51-80DE-4CD4-9D18-51ABFB48E380}.Debug|Any CPU.ActiveCfg = Debug|Any CPU
		{88E43A51-80DE-4CD4-9D18-51ABFB48E380}.Debug|Any CPU.Build.0 = Debug|Any CPU
		{88E43A51-80DE-4CD4-9D18-51ABFB48E380}.Release|Any CPU.ActiveCfg = Release|Any CPU
		{88E43A51-80DE-4CD4-9D18-51ABFB48E380}.Release|Any CPU.Build.0 = Release|Any CPU
		{EBD18949-308C-463F-90E9-869927DC316B}.Debug|Any CPU.ActiveCfg = Debug|Any CPU
		{EBD18949-308C-463F-90E9-869927DC316B}.Debug|Any CPU.Build.0 = Debug|Any CPU
		{EBD18949-308C-463F-90E9-869927DC316B}.Release|Any CPU.ActiveCfg = Release|Any CPU
		{EBD18949-308C-463F-90E9-869927DC316B}.Release|Any CPU.Build.0 = Release|Any CPU
		{9D659130-CF86-4196-8587-30E211D89F53}.Debug|Any CPU.ActiveCfg = Debug|Any CPU
		{9D659130-CF86-4196-8587-30E211D89F53}.Debug|Any CPU.Build.0 = Debug|Any CPU
		{9D659130-CF86-4196-8587-30E211D89F53}.Release|Any CPU.ActiveCfg = Release|Any CPU
		{9D659130-CF86-4196-8587-30E211D89F53}.Release|Any CPU.Build.0 = Release|Any CPU
		{EEC2539D-1E4F-4391-8BB2-F412B17B480D}.Debug|Any CPU.ActiveCfg = Debug|Any CPU
		{EEC2539D-1E4F-4391-8BB2-F412B17B480D}.Debug|Any CPU.Build.0 = Debug|Any CPU
		{EEC2539D-1E4F-4391-8BB2-F412B17B480D}.Release|Any CPU.ActiveCfg = Release|Any CPU
		{EEC2539D-1E4F-4391-8BB2-F412B17B480D}.Release|Any CPU.Build.0 = Release|Any CPU
		{7D121203-40E0-4EE0-84BB-F2A5B4D129BB}.Debug|Any CPU.ActiveCfg = Debug|Any CPU
		{7D121203-40E0-4EE0-84BB-F2A5B4D129BB}.Debug|Any CPU.Build.0 = Debug|Any CPU
		{7D121203-40E0-4EE0-84BB-F2A5B4D129BB}.Release|Any CPU.ActiveCfg = Release|Any CPU
		{7D121203-40E0-4EE0-84BB-F2A5B4D129BB}.Release|Any CPU.Build.0 = Release|Any CPU
		{034D7FA3-38B1-4AD4-B6E8-CF3C532FE446}.Debug|Any CPU.ActiveCfg = Debug|Any CPU
		{034D7FA3-38B1-4AD4-B6E8-CF3C532FE446}.Debug|Any CPU.Build.0 = Debug|Any CPU
		{034D7FA3-38B1-4AD4-B6E8-CF3C532FE446}.Release|Any CPU.ActiveCfg = Release|Any CPU
		{034D7FA3-38B1-4AD4-B6E8-CF3C532FE446}.Release|Any CPU.Build.0 = Release|Any CPU
		{54202D59-2D08-4E06-A804-F1C7D559ABEC}.Debug|Any CPU.ActiveCfg = Debug|Any CPU
		{54202D59-2D08-4E06-A804-F1C7D559ABEC}.Debug|Any CPU.Build.0 = Debug|Any CPU
		{54202D59-2D08-4E06-A804-F1C7D559ABEC}.Release|Any CPU.ActiveCfg = Release|Any CPU
		{54202D59-2D08-4E06-A804-F1C7D559ABEC}.Release|Any CPU.Build.0 = Release|Any CPU
		{A434F9B7-F2CF-4F02-A75A-1725FCCC8B47}.Debug|Any CPU.ActiveCfg = Debug|Any CPU
		{A434F9B7-F2CF-4F02-A75A-1725FCCC8B47}.Debug|Any CPU.Build.0 = Debug|Any CPU
		{A434F9B7-F2CF-4F02-A75A-1725FCCC8B47}.Release|Any CPU.ActiveCfg = Release|Any CPU
		{A434F9B7-F2CF-4F02-A75A-1725FCCC8B47}.Release|Any CPU.Build.0 = Release|Any CPU
		{E3A41FA8-2E65-4F34-B5A6-9FB59BE18288}.Debug|Any CPU.ActiveCfg = Debug|Any CPU
		{E3A41FA8-2E65-4F34-B5A6-9FB59BE18288}.Debug|Any CPU.Build.0 = Debug|Any CPU
		{E3A41FA8-2E65-4F34-B5A6-9FB59BE18288}.Release|Any CPU.ActiveCfg = Release|Any CPU
		{E3A41FA8-2E65-4F34-B5A6-9FB59BE18288}.Release|Any CPU.Build.0 = Release|Any CPU
		{D47486DC-AD7D-4784-942B-BA70841501FA}.Debug|Any CPU.ActiveCfg = Debug|Any CPU
		{D47486DC-AD7D-4784-942B-BA70841501FA}.Debug|Any CPU.Build.0 = Debug|Any CPU
		{D47486DC-AD7D-4784-942B-BA70841501FA}.Release|Any CPU.ActiveCfg = Release|Any CPU
		{D47486DC-AD7D-4784-942B-BA70841501FA}.Release|Any CPU.Build.0 = Release|Any CPU
		{6D69D0AF-2F49-491B-B8F1-BE6F15704731}.Debug|Any CPU.ActiveCfg = Debug|Any CPU
		{6D69D0AF-2F49-491B-B8F1-BE6F15704731}.Debug|Any CPU.Build.0 = Debug|Any CPU
		{6D69D0AF-2F49-491B-B8F1-BE6F15704731}.Release|Any CPU.ActiveCfg = Release|Any CPU
		{6D69D0AF-2F49-491B-B8F1-BE6F15704731}.Release|Any CPU.Build.0 = Release|Any CPU
		{ED17A6AB-35B0-4105-A039-8A01D213C4A2}.Debug|Any CPU.ActiveCfg = Debug|Any CPU
		{ED17A6AB-35B0-4105-A039-8A01D213C4A2}.Debug|Any CPU.Build.0 = Debug|Any CPU
		{ED17A6AB-35B0-4105-A039-8A01D213C4A2}.Release|Any CPU.ActiveCfg = Release|Any CPU
		{ED17A6AB-35B0-4105-A039-8A01D213C4A2}.Release|Any CPU.Build.0 = Release|Any CPU
		{CF49C8F9-C41E-4304-A001-50CE08AE9C1F}.Debug|Any CPU.ActiveCfg = Debug|Any CPU
		{CF49C8F9-C41E-4304-A001-50CE08AE9C1F}.Debug|Any CPU.Build.0 = Debug|Any CPU
		{CF49C8F9-C41E-4304-A001-50CE08AE9C1F}.Release|Any CPU.ActiveCfg = Release|Any CPU
		{CF49C8F9-C41E-4304-A001-50CE08AE9C1F}.Release|Any CPU.Build.0 = Release|Any CPU
		{380D85BA-CAE8-49DA-8D77-5A4B8B5BC1D9}.Debug|Any CPU.ActiveCfg = Debug|Any CPU
		{380D85BA-CAE8-49DA-8D77-5A4B8B5BC1D9}.Debug|Any CPU.Build.0 = Debug|Any CPU
		{380D85BA-CAE8-49DA-8D77-5A4B8B5BC1D9}.Release|Any CPU.ActiveCfg = Release|Any CPU
		{380D85BA-CAE8-49DA-8D77-5A4B8B5BC1D9}.Release|Any CPU.Build.0 = Release|Any CPU
		{2937DD84-5735-4090-B198-4204C0380B18}.Debug|Any CPU.ActiveCfg = Debug|Any CPU
		{2937DD84-5735-4090-B198-4204C0380B18}.Debug|Any CPU.Build.0 = Debug|Any CPU
		{2937DD84-5735-4090-B198-4204C0380B18}.Release|Any CPU.ActiveCfg = Release|Any CPU
		{2937DD84-5735-4090-B198-4204C0380B18}.Release|Any CPU.Build.0 = Release|Any CPU
	EndGlobalSection
	GlobalSection(SolutionProperties) = preSolution
		HideSolutionNode = FALSE
	EndGlobalSection
	GlobalSection(ExtensibilityGlobals) = postSolution
		SolutionGuid = {EE9C95CA-4EDE-44E3-A76B-AC8645E1A450}
	EndGlobalSection
EndGlobal
