
Microsoft Visual Studio Solution File, Format Version 12.00
# Visual Studio 15
VisualStudioVersion = 15.0.28010.2050
MinimumVisualStudioVersion = 10.0.40219.1
Project("{FAE04EC0-301F-11D3-BF4B-00C04F79EFBC}") = "01.Triangle", "01.Triangle\01.Triangle.csproj", "{9684A8B7-E3BE-462A-85AB-A488DFD719AB}"
EndProject
Project("{FAE04EC0-301F-11D3-BF4B-00C04F79EFBC}") = "02.PrimeDeviderInRange", "02.PrimeDeviderInRange\02.PrimeDeviderInRange.csproj", "{BDDE241E-4D73-405B-9C34-15C8DD7E46BB}"
EndProject
Project("{FAE04EC0-301F-11D3-BF4B-00C04F79EFBC}") = "03.LuckyNumbers", "03.LuckyNumbers\03.LuckyNumbers.csproj", "{12FC00A0-475F-45CA-BEFB-2548DA21BB49}"
EndProject
Project("{FAE04EC0-301F-11D3-BF4B-00C04F79EFBC}") = "04.6from49", "04.6from49\04.6from49.csproj", "{3DAD642B-6B1C-413D-A4AD-633B63E7CEBA}"
EndProject
Project("{FAE04EC0-301F-11D3-BF4B-00C04F79EFBC}") = "zad01", "zad1\zad01.csproj", "{C67D2554-3FF4-468D-A59E-076E2878850C}"
EndProject
Project("{FAE04EC0-301F-11D3-BF4B-00C04F79EFBC}") = "zad02", "zad2\zad02.csproj", "{F2AF05D4-4B4F-4020-82B0-46069F7A4E74}"
EndProject
Project("{FAE04EC0-301F-11D3-BF4B-00C04F79EFBC}") = "zad03", "zad3\zad03.csproj", "{EB1C88E5-CB78-46FE-AEEC-D71C6D353B9C}"
EndProject
Project("{FAE04EC0-301F-11D3-BF4B-00C04F79EFBC}") = "zad04", "zad04\zad04.csproj", "{0C325CE1-0E84-4AF3-94BE-7ED1FD447C01}"
EndProject
Project("{FAE04EC0-301F-11D3-BF4B-00C04F79EFBC}") = "zad05", "zad05\zad05.csproj", "{E2A60BB0-3FD2-4F7E-9262-FDA7E83E0605}"
EndProject
Project("{FAE04EC0-301F-11D3-BF4B-00C04F79EFBC}") = "zad06", "zad06\zad06.csproj", "{377990D1-D33F-4D9D-8CD6-F03D1B7D1657}"
EndProject
Project("{FAE04EC0-301F-11D3-BF4B-00C04F79EFBC}") = "zad07", "zad07\zad07.csproj", "{F973295D-1D6B-483A-97A4-4CED10217959}"
EndProject
Project("{FAE04EC0-301F-11D3-BF4B-00C04F79EFBC}") = "zad08", "zad08\zad08.csproj", "{CB85B351-9A0D-439E-B899-342176AC9763}"
EndProject
Project("{FAE04EC0-301F-11D3-BF4B-00C04F79EFBC}") = "zad09", "zad09\zad09.csproj", "{89D948B8-BB32-4D36-AA2D-896544B68CB6}"
EndProject
Project("{FAE04EC0-301F-11D3-BF4B-00C04F79EFBC}") = "zad11", "zad11\zad11.csproj", "{1DA0A41E-A548-4071-B689-E3FE6053FEA2}"
EndProject
Project("{FAE04EC0-301F-11D3-BF4B-00C04F79EFBC}") = "zad10", "zad10\zad10.csproj", "{AE6E934D-DE79-4526-8287-69336856CCEA}"
EndProject
Global
	GlobalSection(SolutionConfigurationPlatforms) = preSolution
		Debug|Any CPU = Debug|Any CPU
		Release|Any CPU = Release|Any CPU
	EndGlobalSection
	GlobalSection(ProjectConfigurationPlatforms) = postSolution
		{9684A8B7-E3BE-462A-85AB-A488DFD719AB}.Debug|Any CPU.ActiveCfg = Debug|Any CPU
		{9684A8B7-E3BE-462A-85AB-A488DFD719AB}.Debug|Any CPU.Build.0 = Debug|Any CPU
		{9684A8B7-E3BE-462A-85AB-A488DFD719AB}.Release|Any CPU.ActiveCfg = Release|Any CPU
		{9684A8B7-E3BE-462A-85AB-A488DFD719AB}.Release|Any CPU.Build.0 = Release|Any CPU
		{BDDE241E-4D73-405B-9C34-15C8DD7E46BB}.Debug|Any CPU.ActiveCfg = Debug|Any CPU
		{BDDE241E-4D73-405B-9C34-15C8DD7E46BB}.Debug|Any CPU.Build.0 = Debug|Any CPU
		{BDDE241E-4D73-405B-9C34-15C8DD7E46BB}.Release|Any CPU.ActiveCfg = Release|Any CPU
		{BDDE241E-4D73-405B-9C34-15C8DD7E46BB}.Release|Any CPU.Build.0 = Release|Any CPU
		{12FC00A0-475F-45CA-BEFB-2548DA21BB49}.Debug|Any CPU.ActiveCfg = Debug|Any CPU
		{12FC00A0-475F-45CA-BEFB-2548DA21BB49}.Debug|Any CPU.Build.0 = Debug|Any CPU
		{12FC00A0-475F-45CA-BEFB-2548DA21BB49}.Release|Any CPU.ActiveCfg = Release|Any CPU
		{12FC00A0-475F-45CA-BEFB-2548DA21BB49}.Release|Any CPU.Build.0 = Release|Any CPU
		{3DAD642B-6B1C-413D-A4AD-633B63E7CEBA}.Debug|Any CPU.ActiveCfg = Debug|Any CPU
		{3DAD642B-6B1C-413D-A4AD-633B63E7CEBA}.Debug|Any CPU.Build.0 = Debug|Any CPU
		{3DAD642B-6B1C-413D-A4AD-633B63E7CEBA}.Release|Any CPU.ActiveCfg = Release|Any CPU
		{3DAD642B-6B1C-413D-A4AD-633B63E7CEBA}.Release|Any CPU.Build.0 = Release|Any CPU
		{C67D2554-3FF4-468D-A59E-076E2878850C}.Debug|Any CPU.ActiveCfg = Debug|Any CPU
		{C67D2554-3FF4-468D-A59E-076E2878850C}.Debug|Any CPU.Build.0 = Debug|Any CPU
		{C67D2554-3FF4-468D-A59E-076E2878850C}.Release|Any CPU.ActiveCfg = Release|Any CPU
		{C67D2554-3FF4-468D-A59E-076E2878850C}.Release|Any CPU.Build.0 = Release|Any CPU
		{F2AF05D4-4B4F-4020-82B0-46069F7A4E74}.Debug|Any CPU.ActiveCfg = Debug|Any CPU
		{F2AF05D4-4B4F-4020-82B0-46069F7A4E74}.Debug|Any CPU.Build.0 = Debug|Any CPU
		{F2AF05D4-4B4F-4020-82B0-46069F7A4E74}.Release|Any CPU.ActiveCfg = Release|Any CPU
		{F2AF05D4-4B4F-4020-82B0-46069F7A4E74}.Release|Any CPU.Build.0 = Release|Any CPU
		{EB1C88E5-CB78-46FE-AEEC-D71C6D353B9C}.Debug|Any CPU.ActiveCfg = Debug|Any CPU
		{EB1C88E5-CB78-46FE-AEEC-D71C6D353B9C}.Debug|Any CPU.Build.0 = Debug|Any CPU
		{EB1C88E5-CB78-46FE-AEEC-D71C6D353B9C}.Release|Any CPU.ActiveCfg = Release|Any CPU
		{EB1C88E5-CB78-46FE-AEEC-D71C6D353B9C}.Release|Any CPU.Build.0 = Release|Any CPU
		{0C325CE1-0E84-4AF3-94BE-7ED1FD447C01}.Debug|Any CPU.ActiveCfg = Debug|Any CPU
		{0C325CE1-0E84-4AF3-94BE-7ED1FD447C01}.Debug|Any CPU.Build.0 = Debug|Any CPU
		{0C325CE1-0E84-4AF3-94BE-7ED1FD447C01}.Release|Any CPU.ActiveCfg = Release|Any CPU
		{0C325CE1-0E84-4AF3-94BE-7ED1FD447C01}.Release|Any CPU.Build.0 = Release|Any CPU
		{E2A60BB0-3FD2-4F7E-9262-FDA7E83E0605}.Debug|Any CPU.ActiveCfg = Debug|Any CPU
		{E2A60BB0-3FD2-4F7E-9262-FDA7E83E0605}.Debug|Any CPU.Build.0 = Debug|Any CPU
		{E2A60BB0-3FD2-4F7E-9262-FDA7E83E0605}.Release|Any CPU.ActiveCfg = Release|Any CPU
		{E2A60BB0-3FD2-4F7E-9262-FDA7E83E0605}.Release|Any CPU.Build.0 = Release|Any CPU
		{377990D1-D33F-4D9D-8CD6-F03D1B7D1657}.Debug|Any CPU.ActiveCfg = Debug|Any CPU
		{377990D1-D33F-4D9D-8CD6-F03D1B7D1657}.Debug|Any CPU.Build.0 = Debug|Any CPU
		{377990D1-D33F-4D9D-8CD6-F03D1B7D1657}.Release|Any CPU.ActiveCfg = Release|Any CPU
		{377990D1-D33F-4D9D-8CD6-F03D1B7D1657}.Release|Any CPU.Build.0 = Release|Any CPU
		{F973295D-1D6B-483A-97A4-4CED10217959}.Debug|Any CPU.ActiveCfg = Debug|Any CPU
		{F973295D-1D6B-483A-97A4-4CED10217959}.Debug|Any CPU.Build.0 = Debug|Any CPU
		{F973295D-1D6B-483A-97A4-4CED10217959}.Release|Any CPU.ActiveCfg = Release|Any CPU
		{F973295D-1D6B-483A-97A4-4CED10217959}.Release|Any CPU.Build.0 = Release|Any CPU
		{CB85B351-9A0D-439E-B899-342176AC9763}.Debug|Any CPU.ActiveCfg = Debug|Any CPU
		{CB85B351-9A0D-439E-B899-342176AC9763}.Debug|Any CPU.Build.0 = Debug|Any CPU
		{CB85B351-9A0D-439E-B899-342176AC9763}.Release|Any CPU.ActiveCfg = Release|Any CPU
		{CB85B351-9A0D-439E-B899-342176AC9763}.Release|Any CPU.Build.0 = Release|Any CPU
		{89D948B8-BB32-4D36-AA2D-896544B68CB6}.Debug|Any CPU.ActiveCfg = Debug|Any CPU
		{89D948B8-BB32-4D36-AA2D-896544B68CB6}.Debug|Any CPU.Build.0 = Debug|Any CPU
		{89D948B8-BB32-4D36-AA2D-896544B68CB6}.Release|Any CPU.ActiveCfg = Release|Any CPU
		{89D948B8-BB32-4D36-AA2D-896544B68CB6}.Release|Any CPU.Build.0 = Release|Any CPU
		{1DA0A41E-A548-4071-B689-E3FE6053FEA2}.Debug|Any CPU.ActiveCfg = Debug|Any CPU
		{1DA0A41E-A548-4071-B689-E3FE6053FEA2}.Debug|Any CPU.Build.0 = Debug|Any CPU
		{1DA0A41E-A548-4071-B689-E3FE6053FEA2}.Release|Any CPU.ActiveCfg = Release|Any CPU
		{1DA0A41E-A548-4071-B689-E3FE6053FEA2}.Release|Any CPU.Build.0 = Release|Any CPU
		{AE6E934D-DE79-4526-8287-69336856CCEA}.Debug|Any CPU.ActiveCfg = Debug|Any CPU
		{AE6E934D-DE79-4526-8287-69336856CCEA}.Debug|Any CPU.Build.0 = Debug|Any CPU
		{AE6E934D-DE79-4526-8287-69336856CCEA}.Release|Any CPU.ActiveCfg = Release|Any CPU
		{AE6E934D-DE79-4526-8287-69336856CCEA}.Release|Any CPU.Build.0 = Release|Any CPU
	EndGlobalSection
	GlobalSection(SolutionProperties) = preSolution
		HideSolutionNode = FALSE
	EndGlobalSection
	GlobalSection(ExtensibilityGlobals) = postSolution
		SolutionGuid = {98E3D05B-5AE6-4277-AD39-3A75AEC808D4}
	EndGlobalSection
EndGlobal
